<?xml version="1.0" encoding="utf-8"?>
<Project ToolsVersion="4.0" xmlns="http://schemas.microsoft.com/developer/msbuild/2003">
  <ItemGroup>
    <Filter Include="Source Files">
      <UniqueIdentifier>{d9ef1387-95f9-4c47-931d-5cac5cf6dc7f}</UniqueIdentifier>
    </Filter>
    <Filter Include="Src">
      <UniqueIdentifier>{6bd174fc-0bcb-485a-bd2d-031711b260bd}</UniqueIdentifier>
    </Filter>
    <Filter Include="Src\opencl">
      <UniqueIdentifier>{49493619-01fe-4808-aa35-749058e67bc8}</UniqueIdentifier>
    </Filter>
    <Filter Include="Include">
      <UniqueIdentifier>{02dfb233-96ee-4985-a09a-5c04a5628dc6}</UniqueIdentifier>
    </Filter>
  </ItemGroup>
  <ItemGroup>
    <ClCompile Include="opencv_test_objdetect_pch.cpp">
      <Filter>Source Files</Filter>
    </ClCompile>
    <ClCompile Include="..\..\..\..\..\..\open\lib\opencvc\sources\modules\objdetect\test\test_cascadeandhog.cpp">
      <Filter>Src</Filter>
    </ClCompile>
    <ClCompile Include="..\..\..\..\..\..\open\lib\opencvc\sources\modules\objdetect\test\test_main.cpp">
      <Filter>Src</Filter>
    </ClCompile>
    <ClCompile Include="..\..\..\..\..\..\open\lib\opencvc\sources\modules\objdetect\test\opencl\test_hogdetector.cpp">
      <Filter>Src\opencl</Filter>
    </ClCompile>
  </ItemGroup>
  <ItemGroup>
    <ClInclude Include="..\..\..\..\..\..\open\lib\opencvc\sources\modules\objdetect\test\test_precomp.hpp">
      <Filter>Include</Filter>
    </ClInclude>
  </ItemGroup>
  <ItemGroup>
    <CustomBuild Include="..\..\..\..\..\..\open\lib\opencvc\sources\modules\objdetect\CMakeLists.txt" />
  </ItemGroup>
</Project>