<?xml version="1.0" encoding="utf-8"?>
<Project ToolsVersion="4.0" xmlns="http://schemas.microsoft.com/developer/msbuild/2003">
  <ItemGroup>
    <Filter Include="Source Files">
      <UniqueIdentifier>{ffc79719-598e-4759-9bc1-ccbf8fd9beda}</UniqueIdentifier>
    </Filter>
    <Filter Include="Header Files">
      <UniqueIdentifier>{da922baf-65f1-4822-a4b4-140a00c95f1f}</UniqueIdentifier>
    </Filter>
    <Filter Include="Src">
      <UniqueIdentifier>{eca15691-0941-45b7-ae86-b77e61ecf660}</UniqueIdentifier>
    </Filter>
    <Filter Include="Include">
      <UniqueIdentifier>{7cd428d4-667c-42e0-81a3-a5237fc46ed8}</UniqueIdentifier>
    </Filter>
    <Filter Include="Include\opencv2">
      <UniqueIdentifier>{a4fec482-11b7-4957-9321-707818e9b466}</UniqueIdentifier>
    </Filter>
    <Filter Include="Include\opencv2\hal">
      <UniqueIdentifier>{eb878d97-5815-42f3-b247-ec2d4e2740ac}</UniqueIdentifier>
    </Filter>
  </ItemGroup>
  <ItemGroup>
    <ClCompile Include="opencv_hal_pch.cpp">
      <Filter>Source Files</Filter>
    </ClCompile>
    <ClCompile Include="..\..\..\..\..\..\open\lib\opencvc\sources\modules\hal\src\arithm.cpp">
      <Filter>Src</Filter>
    </ClCompile>
    <ClCompile Include="..\..\..\..\..\..\open\lib\opencvc\sources\modules\hal\src\color.cpp">
      <Filter>Src</Filter>
    </ClCompile>
    <ClCompile Include="..\..\..\..\..\..\open\lib\opencvc\sources\modules\hal\src\filter.cpp">
      <Filter>Src</Filter>
    </ClCompile>
    <ClCompile Include="..\..\..\..\..\..\open\lib\opencvc\sources\modules\hal\src\mathfuncs.cpp">
      <Filter>Src</Filter>
    </ClCompile>
    <ClCompile Include="..\..\..\..\..\..\open\lib\opencvc\sources\modules\hal\src\matrix.cpp">
      <Filter>Src</Filter>
    </ClCompile>
    <ClCompile Include="..\..\..\..\..\..\open\lib\opencvc\sources\modules\hal\src\resize.cpp">
      <Filter>Src</Filter>
    </ClCompile>
    <ClCompile Include="..\..\..\..\..\..\open\lib\opencvc\sources\modules\hal\src\stat.cpp">
      <Filter>Src</Filter>
    </ClCompile>
    <ClCompile Include="..\..\..\..\..\..\open\lib\opencvc\sources\modules\hal\src\warp.cpp">
      <Filter>Src</Filter>
    </ClCompile>
  </ItemGroup>
  <ItemGroup>
    <ClInclude Include="..\..\cvconfig.h">
      <Filter>Header Files</Filter>
    </ClInclude>
    <ClInclude Include="..\..\opencv2\opencv_modules.hpp">
      <Filter>Header Files</Filter>
    </ClInclude>
    <ClInclude Include="..\..\..\..\..\..\open\lib\opencvc\sources\modules\hal\src\precomp.hpp">
      <Filter>Src</Filter>
    </ClInclude>
    <ClInclude Include="..\..\..\..\..\..\open\lib\opencvc\sources\modules\hal\include\opencv2\hal.hpp">
      <Filter>Include\opencv2</Filter>
    </ClInclude>
    <ClInclude Include="..\..\..\..\..\..\open\lib\opencvc\sources\modules\hal\include\opencv2\hal\defs.h">
      <Filter>Include\opencv2\hal</Filter>
    </ClInclude>
    <ClInclude Include="..\..\..\..\..\..\open\lib\opencvc\sources\modules\hal\include\opencv2\hal\intrin.hpp">
      <Filter>Include\opencv2\hal</Filter>
    </ClInclude>
    <ClInclude Include="..\..\..\..\..\..\open\lib\opencvc\sources\modules\hal\include\opencv2\hal\intrin_cpp.hpp">
      <Filter>Include\opencv2\hal</Filter>
    </ClInclude>
    <ClInclude Include="..\..\..\..\..\..\open\lib\opencvc\sources\modules\hal\include\opencv2\hal\intrin_neon.hpp">
      <Filter>Include\opencv2\hal</Filter>
    </ClInclude>
    <ClInclude Include="..\..\..\..\..\..\open\lib\opencvc\sources\modules\hal\include\opencv2\hal\intrin_sse.hpp">
      <Filter>Include\opencv2\hal</Filter>
    </ClInclude>
  </ItemGroup>
  <ItemGroup>
    <CustomBuild Include="..\..\..\..\..\..\open\lib\opencvc\sources\modules\hal\CMakeLists.txt" />
  </ItemGroup>
</Project>