<?xml version="1.0" encoding="utf-8"?>
<Project ToolsVersion="4.0" xmlns="http://schemas.microsoft.com/developer/msbuild/2003">
  <ItemGroup>
    <Filter Include="Source Files">
      <UniqueIdentifier>{88aa5682-ba47-448b-a63e-e203700a6c1b}</UniqueIdentifier>
    </Filter>
    <Filter Include="Header Files">
      <UniqueIdentifier>{8a749bfd-a68f-45c8-bc85-ef815cdfb130}</UniqueIdentifier>
    </Filter>
    <Filter Include="CMake Rules">
      <UniqueIdentifier>{ee43e7f6-d86b-40dc-90ae-c95e21e25cd7}</UniqueIdentifier>
    </Filter>
    <Filter Include="Src">
      <UniqueIdentifier>{07747b43-b794-4f0e-acf3-298896f0699b}</UniqueIdentifier>
    </Filter>
    <Filter Include="Src\kaze">
      <UniqueIdentifier>{68d66550-b619-4bd3-81bf-d1d15a53073a}</UniqueIdentifier>
    </Filter>
    <Filter Include="Src\opencl">
      <UniqueIdentifier>{c5610d58-2e39-4e1b-9463-37a6282a1980}</UniqueIdentifier>
    </Filter>
    <Filter Include="Src\opencl\kernels">
      <UniqueIdentifier>{425ebb06-c746-4c54-82c4-8b0bcaa625d4}</UniqueIdentifier>
    </Filter>
    <Filter Include="Src\opencl\kernels\autogenerated">
      <UniqueIdentifier>{8195f0a4-f212-4472-b1cd-7897dfa256f3}</UniqueIdentifier>
    </Filter>
    <Filter Include="Include">
      <UniqueIdentifier>{1080aaf3-7ff9-45c8-aa37-b80c50b75753}</UniqueIdentifier>
    </Filter>
    <Filter Include="Include\opencv2">
      <UniqueIdentifier>{80c6d1fb-bcb2-43f7-a95b-a6ec1342862a}</UniqueIdentifier>
    </Filter>
    <Filter Include="Include\opencv2\features2d">
      <UniqueIdentifier>{e07c3128-a94d-487b-be0a-f7f101a9c73e}</UniqueIdentifier>
    </Filter>
  </ItemGroup>
  <ItemGroup>
    <ClCompile Include="opencv_features2d_pch.cpp">
      <Filter>Source Files</Filter>
    </ClCompile>
    <ClCompile Include="..\..\..\..\..\..\open\lib\opencvc\sources\modules\features2d\src\agast.cpp">
      <Filter>Src</Filter>
    </ClCompile>
    <ClCompile Include="..\..\..\..\..\..\open\lib\opencvc\sources\modules\features2d\src\agast_score.cpp">
      <Filter>Src</Filter>
    </ClCompile>
    <ClCompile Include="..\..\..\..\..\..\open\lib\opencvc\sources\modules\features2d\src\akaze.cpp">
      <Filter>Src</Filter>
    </ClCompile>
    <ClCompile Include="..\..\..\..\..\..\open\lib\opencvc\sources\modules\features2d\src\bagofwords.cpp">
      <Filter>Src</Filter>
    </ClCompile>
    <ClCompile Include="..\..\..\..\..\..\open\lib\opencvc\sources\modules\features2d\src\blobdetector.cpp">
      <Filter>Src</Filter>
    </ClCompile>
    <ClCompile Include="..\..\..\..\..\..\open\lib\opencvc\sources\modules\features2d\src\brisk.cpp">
      <Filter>Src</Filter>
    </ClCompile>
    <ClCompile Include="..\..\..\..\..\..\open\lib\opencvc\sources\modules\features2d\src\draw.cpp">
      <Filter>Src</Filter>
    </ClCompile>
    <ClCompile Include="..\..\..\..\..\..\open\lib\opencvc\sources\modules\features2d\src\dynamic.cpp">
      <Filter>Src</Filter>
    </ClCompile>
    <ClCompile Include="..\..\..\..\..\..\open\lib\opencvc\sources\modules\features2d\src\evaluation.cpp">
      <Filter>Src</Filter>
    </ClCompile>
    <ClCompile Include="..\..\..\..\..\..\open\lib\opencvc\sources\modules\features2d\src\fast.cpp">
      <Filter>Src</Filter>
    </ClCompile>
    <ClCompile Include="..\..\..\..\..\..\open\lib\opencvc\sources\modules\features2d\src\fast_score.cpp">
      <Filter>Src</Filter>
    </ClCompile>
    <ClCompile Include="..\..\..\..\..\..\open\lib\opencvc\sources\modules\features2d\src\feature2d.cpp">
      <Filter>Src</Filter>
    </ClCompile>
    <ClCompile Include="..\..\..\..\..\..\open\lib\opencvc\sources\modules\features2d\src\gftt.cpp">
      <Filter>Src</Filter>
    </ClCompile>
    <ClCompile Include="..\..\..\..\..\..\open\lib\opencvc\sources\modules\features2d\src\kaze.cpp">
      <Filter>Src</Filter>
    </ClCompile>
    <ClCompile Include="..\..\..\..\..\..\open\lib\opencvc\sources\modules\features2d\src\keypoint.cpp">
      <Filter>Src</Filter>
    </ClCompile>
    <ClCompile Include="..\..\..\..\..\..\open\lib\opencvc\sources\modules\features2d\src\matchers.cpp">
      <Filter>Src</Filter>
    </ClCompile>
    <ClCompile Include="..\..\..\..\..\..\open\lib\opencvc\sources\modules\features2d\src\mser.cpp">
      <Filter>Src</Filter>
    </ClCompile>
    <ClCompile Include="..\..\..\..\..\..\open\lib\opencvc\sources\modules\features2d\src\orb.cpp">
      <Filter>Src</Filter>
    </ClCompile>
    <ClCompile Include="..\..\..\..\..\..\open\lib\opencvc\sources\modules\features2d\src\kaze\AKAZEFeatures.cpp">
      <Filter>Src\kaze</Filter>
    </ClCompile>
    <ClCompile Include="..\..\..\..\..\..\open\lib\opencvc\sources\modules\features2d\src\kaze\fed.cpp">
      <Filter>Src\kaze</Filter>
    </ClCompile>
    <ClCompile Include="..\..\..\..\..\..\open\lib\opencvc\sources\modules\features2d\src\kaze\KAZEFeatures.cpp">
      <Filter>Src\kaze</Filter>
    </ClCompile>
    <ClCompile Include="..\..\..\..\..\..\open\lib\opencvc\sources\modules\features2d\src\kaze\nldiffusion_functions.cpp">
      <Filter>Src\kaze</Filter>
    </ClCompile>
    <ClCompile Include="opencl_kernels_features2d.cpp">
      <Filter>Src\opencl\kernels\autogenerated</Filter>
    </ClCompile>
  </ItemGroup>
  <ItemGroup>
    <ClInclude Include="..\..\cvconfig.h">
      <Filter>Header Files</Filter>
    </ClInclude>
    <ClInclude Include="..\..\opencv2\opencv_modules.hpp">
      <Filter>Header Files</Filter>
    </ClInclude>
    <ClInclude Include="..\..\..\..\..\..\open\lib\opencvc\sources\modules\features2d\src\agast_score.hpp">
      <Filter>Src</Filter>
    </ClInclude>
    <ClInclude Include="..\..\..\..\..\..\open\lib\opencvc\sources\modules\features2d\src\fast_score.hpp">
      <Filter>Src</Filter>
    </ClInclude>
    <ClInclude Include="..\..\..\..\..\..\open\lib\opencvc\sources\modules\features2d\src\precomp.hpp">
      <Filter>Src</Filter>
    </ClInclude>
    <ClInclude Include="..\..\..\..\..\..\open\lib\opencvc\sources\modules\features2d\src\kaze\AKAZEConfig.h">
      <Filter>Src\kaze</Filter>
    </ClInclude>
    <ClInclude Include="..\..\..\..\..\..\open\lib\opencvc\sources\modules\features2d\src\kaze\AKAZEFeatures.h">
      <Filter>Src\kaze</Filter>
    </ClInclude>
    <ClInclude Include="..\..\..\..\..\..\open\lib\opencvc\sources\modules\features2d\src\kaze\fed.h">
      <Filter>Src\kaze</Filter>
    </ClInclude>
    <ClInclude Include="..\..\..\..\..\..\open\lib\opencvc\sources\modules\features2d\src\kaze\KAZEConfig.h">
      <Filter>Src\kaze</Filter>
    </ClInclude>
    <ClInclude Include="..\..\..\..\..\..\open\lib\opencvc\sources\modules\features2d\src\kaze\KAZEFeatures.h">
      <Filter>Src\kaze</Filter>
    </ClInclude>
    <ClInclude Include="..\..\..\..\..\..\open\lib\opencvc\sources\modules\features2d\src\kaze\nldiffusion_functions.h">
      <Filter>Src\kaze</Filter>
    </ClInclude>
    <ClInclude Include="..\..\..\..\..\..\open\lib\opencvc\sources\modules\features2d\src\kaze\TEvolution.h">
      <Filter>Src\kaze</Filter>
    </ClInclude>
    <ClInclude Include="..\..\..\..\..\..\open\lib\opencvc\sources\modules\features2d\src\kaze\utils.h">
      <Filter>Src\kaze</Filter>
    </ClInclude>
    <ClInclude Include="opencl_kernels_features2d.hpp">
      <Filter>Src\opencl\kernels\autogenerated</Filter>
    </ClInclude>
    <ClInclude Include="..\..\..\..\..\..\open\lib\opencvc\sources\modules\features2d\include\opencv2\features2d.hpp">
      <Filter>Include\opencv2</Filter>
    </ClInclude>
    <ClInclude Include="..\..\..\..\..\..\open\lib\opencvc\sources\modules\features2d\include\opencv2\features2d\features2d.hpp">
      <Filter>Include\opencv2\features2d</Filter>
    </ClInclude>
  </ItemGroup>
  <ItemGroup>
    <CustomBuild Include="..\..\..\..\..\..\open\lib\opencvc\sources\modules\features2d\CMakeLists.txt" />
    <CustomBuild Include="opencl_kernels_features2d.cpp.rule">
      <Filter>CMake Rules</Filter>
    </CustomBuild>
  </ItemGroup>
</Project>